// !$*UTF8*$!
{
	archiveVersion = 1;
	classes = {
	};
	objectVersion = 56;
	objects = {

/* Begin PBXBuildFile section */
		5E8CE94C2AFF117200C79843 /* AppDelegate.m in Sources */ = {isa = PBXBuildFile; fileRef = 5E8CE94B2AFF117200C79843 /* AppDelegate.m */; };
		5E8CE94F2AFF117200C79843 /* SceneDelegate.m in Sources */ = {isa = PBXBuildFile; fileRef = 5E8CE94E2AFF117200C79843 /* SceneDelegate.m */; };
		5E8CE9522AFF117200C79843 /* ViewController.m in Sources */ = {isa = PBXBuildFile; fileRef = 5E8CE9512AFF117200C79843 /* ViewController.m */; };
		5E8CE9552AFF117200C79843 /* Main.storyboard in Resources */ = {isa = PBXBuildFile; fileRef = 5E8CE9532AFF117200C79843 /* Main.storyboard */; };
		5E8CE9572AFF117600C79843 /* Assets.xcassets in Resources */ = {isa = PBXBuildFile; fileRef = 5E8CE9562AFF117600C79843 /* Assets.xcassets */; };
		5E8CE95A2AFF117600C79843 /* LaunchScreen.storyboard in Resources */ = {isa = PBXBuildFile; fileRef = 5E8CE9582AFF117600C79843 /* LaunchScreen.storyboard */; };
		5E8CE95D2AFF117600C79843 /* main.m in Sources */ = {isa = PBXBuildFile; fileRef = 5E8CE95C2AFF117600C79843 /* main.m */; };
		5E8CE9652AFF1BF600C79843 /* SLPatient.m in Sources */ = {isa = PBXBuildFile; fileRef = 5E8CE9642AFF1BF600C79843 /* SLPatient.m */; };
/* End PBXBuildFile section */

/* Begin PBXFileReference section */
		5E8CE9472AFF117200C79843 /* DelegatesTest.app */ = {isa = PBXFileReference; explicitFileType = wrapper.application; includeInIndex = 0; path = DelegatesTest.app; sourceTree = BUILT_PRODUCTS_DIR; };
		5E8CE94A2AFF117200C79843 /* AppDelegate.h */ = {isa = PBXFileReference; lastKnownFileType = sourcecode.c.h; path = AppDelegate.h; sourceTree = "<group>"; };
		5E8CE94B2AFF117200C79843 /* AppDelegate.m */ = {isa = PBXFileReference; lastKnownFileType = sourcecode.c.objc; path = AppDelegate.m; sourceTree = "<group>"; };
		5E8CE94D2AFF117200C79843 /* SceneDelegate.h */ = {isa = PBXFileReference; lastKnownFileType = sourcecode.c.h; path = SceneDelegate.h; sourceTree = "<group>"; };
		5E8CE94E2AFF117200C79843 /* SceneDelegate.m */ = {isa = PBXFileReference; lastKnownFileType = sourcecode.c.objc; path = SceneDelegate.m; sourceTree = "<group>"; };
		5E8CE9502AFF117200C79843 /* ViewController.h */ = {isa = PBXFileReference; lastKnownFileType = sourcecode.c.h; path = ViewController.h; sourceTree = "<group>"; };
		5E8CE9512AFF117200C79843 /* ViewController.m */ = {isa = PBXFileReference; lastKnownFileType = sourcecode.c.objc; path = ViewController.m; sourceTree = "<group>"; };
		5E8CE9542AFF117200C79843 /* Base */ = {isa = PBXFileReference; lastKnownFileType = file.storyboard; name = Base; path = Base.lproj/Main.storyboard; sourceTree = "<group>"; };
		5E8CE9562AFF117600C79843 /* Assets.xcassets */ = {isa = PBXFileReference; lastKnownFileType = folder.assetcatalog; path = Assets.xcassets; sourceTree = "<group>"; };
		5E8CE9592AFF117600C79843 /* Base */ = {isa = PBXFileReference; lastKnownFileType = file.storyboard; name = Base; path = Base.lproj/LaunchScreen.storyboard; sourceTree = "<group>"; };
		5E8CE95B2AFF117600C79843 /* Info.plist */ = {isa = PBXFileReference; lastKnownFileType = text.plist.xml; path = Info.plist; sourceTree = "<group>"; };
		5E8CE95C2AFF117600C79843 /* main.m */ = {isa = PBXFileReference; lastKnownFileType = sourcecode.c.objc; path = main.m; sourceTree = "<group>"; };
		5E8CE9632AFF1BF600C79843 /* SLPatient.h */ = {isa = PBXFileReference; lastKnownFileType = sourcecode.c.h; path = SLPatient.h; sourceTree = "<group>"; };
		5E8CE9642AFF1BF600C79843 /* SLPatient.m */ = {isa = PBXFileReference; lastKnownFileType = sourcecode.c.objc; path = SLPatient.m; sourceTree = "<group>"; };
/* End PBXFileReference section */

/* Begin PBXFrameworksBuildPhase section */
		5E8CE9442AFF117200C79843 /* Frameworks */ = {
			isa = PBXFrameworksBuildPhase;
			buildActionMask = 2147483647;
			files = (
			);
			runOnlyForDeploymentPostprocessing = 0;
		};
/* End PBXFrameworksBuildPhase section */

/* Begin PBXGroup section */
		5E8CE93E2AFF117200C79843 = {
			isa = PBXGroup;
			children = (
				5E8CE9492AFF117200C79843 /* DelegatesTest */,
				5E8CE9482AFF117200C79843 /* Products */,
			);
			sourceTree = "<group>";
		};
		5E8CE9482AFF117200C79843 /* Products */ = {
			isa = PBXGroup;
			children = (
				5E8CE9472AFF117200C79843 /* DelegatesTest.app */,
			);
			name = Products;
			sourceTree = "<group>";
		};
		5E8CE9492AFF117200C79843 /* DelegatesTest */ = {
			isa = PBXGroup;
			children = (
				5E8CE94A2AFF117200C79843 /* AppDelegate.h */,
				5E8CE94B2AFF117200C79843 /* AppDelegate.m */,
				5E8CE94D2AFF117200C79843 /* SceneDelegate.h */,
				5E8CE94E2AFF117200C79843 /* SceneDelegate.m */,
				5E8CE9502AFF117200C79843 /* ViewController.h */,
				5E8CE9512AFF117200C79843 /* ViewController.m */,
				5E8CE9532AFF117200C79843 /* Main.storyboard */,
				5E8CE9562AFF117600C79843 /* Assets.xcassets */,
				5E8CE9582AFF117600C79843 /* LaunchScreen.storyboard */,
				5E8CE95B2AFF117600C79843 /* Info.plist */,
				5E8CE95C2AFF117600C79843 /* main.m */,
				5E8CE9632AFF1BF600C79843 /* SLPatient.h */,
				5E8CE9642AFF1BF600C79843 /* SLPatient.m */,
			);
			path = DelegatesTest;
			sourceTree = "<group>";
		};
/* End PBXGroup section */

/* Begin PBXNativeTarget section */
		5E8CE9462AFF117200C79843 /* DelegatesTest */ = {
			isa = PBXNativeTarget;
			buildConfigurationList = 5E8CE9602AFF117600C79843 /* Build configuration list for PBXNativeTarget "DelegatesTest" */;
			buildPhases = (
				5E8CE9432AFF117200C79843 /* Sources */,
				5E8CE9442AFF117200C79843 /* Frameworks */,
				5E8CE9452AFF117200C79843 /* Resources */,
			);
			buildRules = (
			);
			dependencies = (
			);
			name = DelegatesTest;
			productName = DelegatesTest;
			productReference = 5E8CE9472AFF117200C79843 /* DelegatesTest.app */;
			productType = "com.apple.product-type.application";
		};
/* End PBXNativeTarget section */

/* Begin PBXProject section */
		5E8CE93F2AFF117200C79843 /* Project object */ = {
			isa = PBXProject;
			attributes = {
				BuildIndependentTargetsInParallel = 1;
				LastUpgradeCheck = 1500;
				TargetAttributes = {
					5E8CE9462AFF117200C79843 = {
						CreatedOnToolsVersion = 15.0.1;
					};
				};
			};
			buildConfigurationList = 5E8CE9422AFF117200C79843 /* Build configuration list for PBXProject "DelegatesTest" */;
			compatibilityVersion = "Xcode 14.0";
			developmentRegion = en;
			hasScannedForEncodings = 0;
			knownRegions = (
				en,
				Base,
			);
			mainGroup = 5E8CE93E2AFF117200C79843;
			productRefGroup = 5E8CE9482AFF117200C79843 /* Products */;
			projectDirPath = "";
			projectRoot = "";
			targets = (
				5E8CE9462AFF117200C79843 /* DelegatesTest */,
			);
		};
/* End PBXProject section */

/* Begin PBXResourcesBuildPhase section */
		5E8CE9452AFF117200C79843 /* Resources */ = {
			isa = PBXResourcesBuildPhase;
			buildActionMask = 2147483647;
			files = (
				5E8CE95A2AFF117600C79843 /* LaunchScreen.storyboard in Resources */,
				5E8CE9572AFF117600C79843 /* Assets.xcassets in Resources */,
				5E8CE9552AFF117200C79843 /* Main.storyboard in Resources */,
			);
			runOnlyForDeploymentPostprocessing = 0;
		};
/* End PBXResourcesBuildPhase section */

/* Begin PBXSourcesBuildPhase section */
		5E8CE9432AFF117200C79843 /* Sources */ = {
			isa = PBXSourcesBuildPhase;
			buildActionMask = 2147483647;
			files = (
				5E8CE9522AFF117200C79843 /* ViewController.m in Sources */,
				5E8CE9652AFF1BF600C79843 /* SLPatient.m in Sources */,
				5E8CE94C2AFF117200C79843 /* AppDelegate.m in Sources */,
				5E8CE95D2AFF117600C79843 /* main.m in Sources */,
				5E8CE94F2AFF117200C79843 /* SceneDelegate.m in Sources */,
			);
			runOnlyForDeploymentPostprocessing = 0;
		};
/* End PBXSourcesBuildPhase section */

/* Begin PBXVariantGroup section */
		5E8CE9532AFF117200C79843 /* Main.storyboard */ = {
			isa = PBXVariantGroup;
			children = (
				5E8CE9542AFF117200C79843 /* Base */,
			);
			name = Main.storyboard;
			sourceTree = "<group>";
		};
		5E8CE9582AFF117600C79843 /* LaunchScreen.storyboard */ = {
			isa = PBXVariantGroup;
			children = (
				5E8CE9592AFF117600C79843 /* Base */,
			);
			name = LaunchScreen.storyboard;
			sourceTree = "<group>";
		};
/* End PBXVariantGroup section */

/* Begin XCBuildConfiguration section */
		5E8CE95E2AFF117600C79843 /* Debug */ = {
			isa = XCBuildConfiguration;
			buildSettings = {
				ALWAYS_SEARCH_USER_PATHS = NO;
				ASSETCATALOG_COMPILER_GENERATE_SWIFT_ASSET_SYMBOL_EXTENSIONS = YES;
				CLANG_ANALYZER_NONNULL = YES;
				CLANG_ANALYZER_NUMBER_OBJECT_CONVERSION = YES_AGGRESSIVE;
				CLANG_CXX_LANGUAGE_STANDARD = "gnu++20";
				CLANG_ENABLE_MODULES = YES;
				CLANG_ENABLE_OBJC_ARC = YES;
				CLANG_ENABLE_OBJC_WEAK = YES;
				CLANG_WARN_BLOCK_CAPTURE_AUTORELEASING = YES;
				CLANG_WARN_BOOL_CONVERSION = YES;
				CLANG_WARN_COMMA = YES;
				CLANG_WARN_CONSTANT_CONVERSION = YES;
				CLANG_WARN_DEPRECATED_OBJC_IMPLEMENTATIONS = YES;
				CLANG_WARN_DIRECT_OBJC_ISA_USAGE = YES_ERROR;
				CLANG_WARN_DOCUMENTATION_COMMENTS = YES;
				CLANG_WARN_EMPTY_BODY = YES;
				CLANG_WARN_ENUM_CONVERSION = YES;
				CLANG_WARN_INFINITE_RECURSION = YES;
				CLANG_WARN_INT_CONVERSION = YES;
				CLANG_WARN_NON_LITERAL_NULL_CONVERSION = YES;
				CLANG_WARN_OBJC_IMPLICIT_RETAIN_SELF = YES;
				CLANG_WARN_OBJC_LITERAL_CONVERSION = YES;
				CLANG_WARN_OBJC_ROOT_CLASS = YES_ERROR;
				CLANG_WARN_QUOTED_INCLUDE_IN_FRAMEWORK_HEADER = YES;
				CLANG_WARN_RANGE_LOOP_ANALYSIS = YES;
				CLANG_WARN_STRICT_PROTOTYPES = YES;
				CLANG_WARN_SUSPICIOUS_MOVE = YES;
				CLANG_WARN_UNGUARDED_AVAILABILITY = YES_AGGRESSIVE;
				CLANG_WARN_UNREACHABLE_CODE = YES;
				CLANG_WARN__DUPLICATE_METHOD_MATCH = YES;
				COPY_PHASE_STRIP = NO;
				DEBUG_INFORMATION_FORMAT = dwarf;
				ENABLE_STRICT_OBJC_MSGSEND = YES;
				ENABLE_TESTABILITY = YES;
				ENABLE_USER_SCRIPT_SANDBOXING = YES;
				GCC_C_LANGUAGE_STANDARD = gnu17;
				GCC_DYNAMIC_NO_PIC = NO;
				GCC_NO_COMMON_BLOCKS = YES;
				GCC_OPTIMIZATION_LEVEL = 0;
				GCC_PREPROCESSOR_DEFINITIONS = (
					"DEBUG=1",
					"$(inherited)",
				);
				GCC_WARN_64_TO_32_BIT_CONVERSION = YES;
				GCC_WARN_ABOUT_RETURN_TYPE = YES_ERROR;
				GCC_WARN_UNDECLARED_SELECTOR = YES;
				GCC_WARN_UNINITIALIZED_AUTOS = YES_AGGRESSIVE;
				GCC_WARN_UNUSED_FUNCTION = YES;
				GCC_WARN_UNUSED_VARIABLE = YES;
				IPHONEOS_DEPLOYMENT_TARGET = 17.0;
				LOCALIZATION_PREFERS_STRING_CATALOGS = YES;
				MTL_ENABLE_DEBUG_INFO = INCLUDE_SOURCE;
				MTL_FAST_MATH = YES;
				ONLY_ACTIVE_ARCH = YES;
				SDKROOT = iphoneos;
			};
			name = Debug;
		};
		5E8CE95F2AFF117600C79843 /* Release */ = {
			isa = XCBuildConfiguration;
			buildSettings = {
				ALWAYS_SEARCH_USER_PATHS = NO;
				ASSETCATALOG_COMPILER_GENERATE_SWIFT_ASSET_SYMBOL_EXTENSIONS = YES;
				CLANG_ANALYZER_NONNULL = YES;
				CLANG_ANALYZER_NUMBER_OBJECT_CONVERSION = YES_AGGRESSIVE;
				CLANG_CXX_LANGUAGE_STANDARD = "gnu++20";
				CLANG_ENABLE_MODULES = YES;
				CLANG_ENABLE_OBJC_ARC = YES;
				CLANG_ENABLE_OBJC_WEAK = YES;
				CLANG_WARN_BLOCK_CAPTURE_AUTORELEASING = YES;
				CLANG_WARN_BOOL_CONVERSION = YES;
				CLANG_WARN_COMMA = YES;
				CLANG_WARN_CONSTANT_CONVERSION = YES;
				CLANG_WARN_DEPRECATED_OBJC_IMPLEMENTATIONS = YES;
				CLANG_WARN_DIRECT_OBJC_ISA_USAGE = YES_ERROR;
				CLANG_WARN_DOCUMENTATION_COMMENTS = YES;
				CLANG_WARN_EMPTY_BODY = YES;
				CLANG_WARN_ENUM_CONVERSION = YES;
				CLANG_WARN_INFINITE_RECURSION = YES;
				CLANG_WARN_INT_CONVERSION = YES;
				CLANG_WARN_NON_LITERAL_NULL_CONVERSION = YES;
				CLANG_WARN_OBJC_IMPLICIT_RETAIN_SELF = YES;
				CLANG_WARN_OBJC_LITERAL_CONVERSION = YES;
				CLANG_WARN_OBJC_ROOT_CLASS = YES_ERROR;
				CLANG_WARN_QUOTED_INCLUDE_IN_FRAMEWORK_HEADER = YES;
				CLANG_WARN_RANGE_LOOP_ANALYSIS = YES;
				CLANG_WARN_STRICT_PROTOTYPES = YES;
				CLANG_WARN_SUSPICIOUS_MOVE = YES;
				CLANG_WARN_UNGUARDED_AVAILABILITY = YES_AGGRESSIVE;
				CLANG_WARN_UNREACHABLE_CODE = YES;
				CLANG_WARN__DUPLICATE_METHOD_MATCH = YES;
				COPY_PHASE_STRIP = NO;
				DEBUG_INFORMATION_FORMAT = "dwarf-with-dsym";
				ENABLE_NS_ASSERTIONS = NO;
				ENABLE_STRICT_OBJC_MSGSEND = YES;
				ENABLE_USER_SCRIPT_SANDBOXING = YES;
				GCC_C_LANGUAGE_STANDARD = gnu17;
				GCC_NO_COMMON_BLOCKS = YES;
				GCC_WARN_64_TO_32_BIT_CONVERSION = YES;
				GCC_WARN_ABOUT_RETURN_TYPE = YES_ERROR;
				GCC_WARN_UNDECLARED_SELECTOR = YES;
				GCC_WARN_UNINITIALIZED_AUTOS = YES_AGGRESSIVE;
				GCC_WARN_UNUSED_FUNCTION = YES;
				GCC_WARN_UNUSED_VARIABLE = YES;
				IPHONEOS_DEPLOYMENT_TARGET = 17.0;
				LOCALIZATION_PREFERS_STRING_CATALOGS = YES;
				MTL_ENABLE_DEBUG_INFO = NO;
				MTL_FAST_MATH = YES;
				SDKROOT = iphoneos;
				VALIDATE_PRODUCT = YES;
			};
			name = Release;
		};
		5E8CE9612AFF117600C79843 /* Debug */ = {
			isa = XCBuildConfiguration;
			buildSettings = {
				ASSETCATALOG_COMPILER_APPICON_NAME = AppIcon;
				ASSETCATALOG_COMPILER_GLOBAL_ACCENT_COLOR_NAME = AccentColor;
				CODE_SIGN_STYLE = Automatic;
				CURRENT_PROJECT_VERSION = 1;
				DEVELOPMENT_TEAM = LGVM9RAH4N;
				GENERATE_INFOPLIST_FILE = YES;
				INFOPLIST_FILE = DelegatesTest/Info.plist;
				INFOPLIST_KEY_UIApplicationSupportsIndirectInputEvents = YES;
				INFOPLIST_KEY_UILaunchStoryboardName = LaunchScreen;
				INFOPLIST_KEY_UIMainStoryboardFile = Main;
				INFOPLIST_KEY_UISupportedInterfaceOrientations_iPad = "UIInterfaceOrientationPortrait UIInterfaceOrientationPortraitUpsideDown UIInterfaceOrientationLandscapeLeft UIInterfaceOrientationLandscapeRight";
				INFOPLIST_KEY_UISupportedInterfaceOrientations_iPhone = "UIInterfaceOrientationPortrait UIInterfaceOrientationLandscapeLeft UIInterfaceOrientationLandscapeRight";
				LD_RUNPATH_SEARCH_PATHS = (
					"$(inherited)",
					"@executable_path/Frameworks",
				);
				MARKETING_VERSION = 1.0;
				PRODUCT_BUNDLE_IDENTIFIER = com.lgreydev.DelegatesTest;
				PRODUCT_NAME = "$(TARGET_NAME)";
				SWIFT_EMIT_LOC_STRINGS = YES;
				TARGETED_DEVICE_FAMILY = "1,2";
			};
			name = Debug;
		};
		5E8CE9622AFF117600C79843 /* Release */ = {
			isa = XCBuildConfiguration;
			buildSettings = {
				ASSETCATALOG_COMPILER_APPICON_NAME = AppIcon;
				ASSETCATALOG_COMPILER_GLOBAL_ACCENT_COLOR_NAME = AccentColor;
				CODE_SIGN_STYLE = Automatic;
				CURRENT_PROJECT_VERSION = 1;
				DEVELOPMENT_TEAM = LGVM9RAH4N;
				GENERATE_INFOPLIST_FILE = YES;
				INFOPLIST_FILE = DelegatesTest/Info.plist;
				INFOPLIST_KEY_UIApplicationSupportsIndirectInputEvents = YES;
				INFOPLIST_KEY_UILaunchStoryboardName = LaunchScreen;
				INFOPLIST_KEY_UIMainStoryboardFile = Main;
				INFOPLIST_KEY_UISupportedInterfaceOrientations_iPad = "UIInterfaceOrientationPortrait UIInterfaceOrientationPortraitUpsideDown UIInterfaceOrientationLandscapeLeft UIInterfaceOrientationLandscapeRight";
				INFOPLIST_KEY_UISupportedInterfaceOrientations_iPhone = "UIInterfaceOrientationPortrait UIInterfaceOrientationLandscapeLeft UIInterfaceOrientationLandscapeRight";
				LD_RUNPATH_SEARCH_PATHS = (
					"$(inherited)",
					"@executable_path/Frameworks",
				);
				MARKETING_VERSION = 1.0;
				PRODUCT_BUNDLE_IDENTIFIER = com.lgreydev.DelegatesTest;
				PRODUCT_NAME = "$(TARGET_NAME)";
				SWIFT_EMIT_LOC_STRINGS = YES;
				TARGETED_DEVICE_FAMILY = "1,2";
			};
			name = Release;
		};
/* End XCBuildConfiguration section */

/* Begin XCConfigurationList section */
		5E8CE9422AFF117200C79843 /* Build configuration list for PBXProject "DelegatesTest" */ = {
			isa = XCConfigurationList;
			buildConfigurations = (
				5E8CE95E2AFF117600C79843 /* Debug */,
				5E8CE95F2AFF117600C79843 /* Release */,
			);
			defaultConfigurationIsVisible = 0;
			defaultConfigurationName = Release;
		};
		5E8CE9602AFF117600C79843 /* Build configuration list for PBXNativeTarget "DelegatesTest" */ = {
			isa = XCConfigurationList;
			buildConfigurations = (
				5E8CE9612AFF117600C79843 /* Debug */,
				5E8CE9622AFF117600C79843 /* Release */,
			);
			defaultConfigurationIsVisible = 0;
			defaultConfigurationName = Release;
		};
/* End XCConfigurationList section */
	};
	rootObject = 5E8CE93F2AFF117200C79843 /* Project object */;
}
